
Microsoft Visual Studio Solution File, Format Version 12.00
# Visual Studio Version 17
VisualStudioVersion = 17.3.32819.101
MinimumVisualStudioVersion = 10.0.40219.1
Project("{FAE04EC0-301F-11D3-BF4B-00C04F79EFBC}") = "ConsoleApp4", "ConsoleApp4\ConsoleApp4.csproj", "{F48250A6-12AE-41A7-AC61-A58601E90C64}"
EndProject
Global
	GlobalSection(SolutionConfigurationPlatforms) = preSolution
		Debug|Any CPU = Debug|Any CPU
		Release|Any CPU = Release|Any CPU
	EndGlobalSection
	GlobalSection(ProjectConfigurationPlatforms) = postSolution
		{F48250A6-12AE-41A7-AC61-A58601E90C64}.Debug|Any CPU.ActiveCfg = Debug|Any CPU
		{F48250A6-12AE-41A7-AC61-A58601E90C64}.Debug|Any CPU.Build.0 = Debug|Any CPU
		{F48250A6-12AE-41A7-AC61-A58601E90C64}.Release|Any CPU.ActiveCfg = Release|Any CPU
		{F48250A6-12AE-41A7-AC61-A58601E90C64}.Release|Any CPU.Build.0 = Release|Any CPU
	EndGlobalSection
	GlobalSection(SolutionProperties) = preSolution
		HideSolutionNode = FALSE
	EndGlobalSection
	GlobalSection(ExtensibilityGlobals) = postSolution
		SolutionGuid = {7E712E92-39BD-4675-BB81-BD365C3A0589}
	EndGlobalSection
EndGlobal
